
Microsoft Visual Studio Solution File, Format Version 12.00
# Visual Studio 14
VisualStudioVersion = 14.0.25420.1
MinimumVisualStudioVersion = 10.0.40219.1
Project("{FAE04EC0-301F-11D3-BF4B-00C04F79EFBC}") = "BiztalkTracker", "BiztalkTracker\BiztalkTracker.csproj", "{41AD92E1-69B6-4DED-A1BB-949D95474D5E}"
EndProject
Project("{FAE04EC0-301F-11D3-BF4B-00C04F79EFBC}") = "BiztalkDbHelper", "BiztalkDbHelper\BiztalkDbHelper.csproj", "{DA6FA294-04A6-474F-989B-C184EB9D7A42}"
EndProject
Global
	GlobalSection(SolutionConfigurationPlatforms) = preSolution
		Debug|Any CPU = Debug|Any CPU
		Release|Any CPU = Release|Any CPU
	EndGlobalSection
	GlobalSection(ProjectConfigurationPlatforms) = postSolution
		{41AD92E1-69B6-4DED-A1BB-949D95474D5E}.Debug|Any CPU.ActiveCfg = Debug|Any CPU
		{41AD92E1-69B6-4DED-A1BB-949D95474D5E}.Debug|Any CPU.Build.0 = Debug|Any CPU
		{41AD92E1-69B6-4DED-A1BB-949D95474D5E}.Release|Any CPU.ActiveCfg = Release|Any CPU
		{41AD92E1-69B6-4DED-A1BB-949D95474D5E}.Release|Any CPU.Build.0 = Release|Any CPU
		{DA6FA294-04A6-474F-989B-C184EB9D7A42}.Debug|Any CPU.ActiveCfg = Debug|Any CPU
		{DA6FA294-04A6-474F-989B-C184EB9D7A42}.Debug|Any CPU.Build.0 = Debug|Any CPU
		{DA6FA294-04A6-474F-989B-C184EB9D7A42}.Release|Any CPU.ActiveCfg = Release|Any CPU
		{DA6FA294-04A6-474F-989B-C184EB9D7A42}.Release|Any CPU.Build.0 = Release|Any CPU
	EndGlobalSection
	GlobalSection(SolutionProperties) = preSolution
		HideSolutionNode = FALSE
	EndGlobalSection
EndGlobal
